{
    " _meta " : {
        " hash " : {
            " sha256 " : " 8d870e3f989aae2753b12b61941921838c1039b52f8dea53f2d23a52b13f1c62 "
        },
        " pipfile-spec " : 6 ,
        " требует " : {
            " python_version " : " 3.9 "
        },
        " источники " : [
            {
                " name " : " pypi " ,
                " url " : " https://pypi.org/simple " ,
                " verify_ssl " : правда
            }
        ]
    },
    " default " : {
        " fuzzywuzzy " : {
            " хеши " : [
                " sha256: 45016e92264780e58972dca1b3d939ac864b78437422beecebb3095f8efd00e8 " ,
                " sha256: 928244b28db720d1e0ee7587acf660ea49d7e4c632569cad4f1cd7e68a5f0993 "
            ],
            " index " : " pypi " ,
            " версия " : " == 0.18.0 "
        },
    },
    " разработать " : {}
}